
Microsoft Visual Studio Solution File, Format Version 12.00
# Visual Studio 2012
Project("{FAE04EC0-301F-11D3-BF4B-00C04F79EFBC}") = "mPlayer", "mPlayer\mPlayer.csproj", "{4D19209C-A45E-4E6A-BD99-CF7E8C783335}"
EndProject
Global
	GlobalSection(SolutionConfigurationPlatforms) = preSolution
		Debug|Any CPU = Debug|Any CPU
		Release|Any CPU = Release|Any CPU
	EndGlobalSection
	GlobalSection(ProjectConfigurationPlatforms) = postSolution
		{4D19209C-A45E-4E6A-BD99-CF7E8C783335}.Debug|Any CPU.ActiveCfg = Debug|Any CPU
		{4D19209C-A45E-4E6A-BD99-CF7E8C783335}.Debug|Any CPU.Build.0 = Debug|Any CPU
		{4D19209C-A45E-4E6A-BD99-CF7E8C783335}.Release|Any CPU.ActiveCfg = Release|Any CPU
		{4D19209C-A45E-4E6A-BD99-CF7E8C783335}.Release|Any CPU.Build.0 = Release|Any CPU
	EndGlobalSection
	GlobalSection(SolutionProperties) = preSolution
		HideSolutionNode = FALSE
	EndGlobalSection
EndGlobal
